
Microsoft Visual Studio Solution File, Format Version 12.00
# Visual Studio 15
VisualStudioVersion = 15.0.28307.168
MinimumVisualStudioVersion = 10.0.40219.1
Project("{9A19103F-16F7-4668-BE54-9A1E7A4F7556}") = "AuctorAPI", "AuctorAPI.csproj", "{2B19D5AA-3A00-4C87-92B1-9930A945D599}"
EndProject
Project("{FAE04EC0-301F-11D3-BF4B-00C04F79EFBC}") = "BastionDbAccesor", "..\BastionDbAccesor\BastionDbAccesor.csproj", "{B5C41292-BDD9-44EC-B6A6-08E8D1C0741B}"
EndProject
Global
	GlobalSection(SolutionConfigurationPlatforms) = preSolution
		Debug|Any CPU = Debug|Any CPU
		Release|Any CPU = Release|Any CPU
	EndGlobalSection
	GlobalSection(ProjectConfigurationPlatforms) = postSolution
		{2B19D5AA-3A00-4C87-92B1-9930A945D599}.Debug|Any CPU.ActiveCfg = Debug|Any CPU
		{2B19D5AA-3A00-4C87-92B1-9930A945D599}.Debug|Any CPU.Build.0 = Debug|Any CPU
		{2B19D5AA-3A00-4C87-92B1-9930A945D599}.Release|Any CPU.ActiveCfg = Release|Any CPU
		{2B19D5AA-3A00-4C87-92B1-9930A945D599}.Release|Any CPU.Build.0 = Release|Any CPU
		{B5C41292-BDD9-44EC-B6A6-08E8D1C0741B}.Debug|Any CPU.ActiveCfg = Debug|Any CPU
		{B5C41292-BDD9-44EC-B6A6-08E8D1C0741B}.Debug|Any CPU.Build.0 = Debug|Any CPU
		{B5C41292-BDD9-44EC-B6A6-08E8D1C0741B}.Release|Any CPU.ActiveCfg = Release|Any CPU
		{B5C41292-BDD9-44EC-B6A6-08E8D1C0741B}.Release|Any CPU.Build.0 = Release|Any CPU
	EndGlobalSection
	GlobalSection(SolutionProperties) = preSolution
		HideSolutionNode = FALSE
	EndGlobalSection
	GlobalSection(ExtensibilityGlobals) = postSolution
		SolutionGuid = {9DE8E3C3-E296-417E-BE8F-E5F48F68EC37}
	EndGlobalSection
EndGlobal
